
Microsoft Visual Studio Solution File, Format Version 12.00
# Visual Studio Version 16
VisualStudioVersion = 16.0.30225.117
MinimumVisualStudioVersion = 10.0.40219.1
Project("{FAE04EC0-301F-11D3-BF4B-00C04F79EFBC}") = "day1swappingoftwonumbers", "day1swappingoftwonumbers\day1swappingoftwonumbers.csproj", "{71507A45-26D4-498E-A238-55ADD48BA465}"
EndProject
Global
	GlobalSection(SolutionConfigurationPlatforms) = preSolution
		Debug|Any CPU = Debug|Any CPU
		Release|Any CPU = Release|Any CPU
	EndGlobalSection
	GlobalSection(ProjectConfigurationPlatforms) = postSolution
		{71507A45-26D4-498E-A238-55ADD48BA465}.Debug|Any CPU.ActiveCfg = Debug|Any CPU
		{71507A45-26D4-498E-A238-55ADD48BA465}.Debug|Any CPU.Build.0 = Debug|Any CPU
		{71507A45-26D4-498E-A238-55ADD48BA465}.Release|Any CPU.ActiveCfg = Release|Any CPU
		{71507A45-26D4-498E-A238-55ADD48BA465}.Release|Any CPU.Build.0 = Release|Any CPU
	EndGlobalSection
	GlobalSection(SolutionProperties) = preSolution
		HideSolutionNode = FALSE
	EndGlobalSection
	GlobalSection(ExtensibilityGlobals) = postSolution
		SolutionGuid = {4539FA41-34FB-4B43-B4E4-91CF04BF2242}
	EndGlobalSection
EndGlobal
