
Microsoft Visual Studio Solution File, Format Version 12.00
# Visual Studio Version 16
VisualStudioVersion = 16.0.30225.117
MinimumVisualStudioVersion = 10.0.40219.1
Project("{FAE04EC0-301F-11D3-BF4B-00C04F79EFBC}") = "day1largestofthreenumbers", "day1largestofthreenumbers\day1largestofthreenumbers.csproj", "{970B4D82-B002-4DED-9F18-B188AA3ED566}"
EndProject
Global
	GlobalSection(SolutionConfigurationPlatforms) = preSolution
		Debug|Any CPU = Debug|Any CPU
		Release|Any CPU = Release|Any CPU
	EndGlobalSection
	GlobalSection(ProjectConfigurationPlatforms) = postSolution
		{970B4D82-B002-4DED-9F18-B188AA3ED566}.Debug|Any CPU.ActiveCfg = Debug|Any CPU
		{970B4D82-B002-4DED-9F18-B188AA3ED566}.Debug|Any CPU.Build.0 = Debug|Any CPU
		{970B4D82-B002-4DED-9F18-B188AA3ED566}.Release|Any CPU.ActiveCfg = Release|Any CPU
		{970B4D82-B002-4DED-9F18-B188AA3ED566}.Release|Any CPU.Build.0 = Release|Any CPU
	EndGlobalSection
	GlobalSection(SolutionProperties) = preSolution
		HideSolutionNode = FALSE
	EndGlobalSection
	GlobalSection(ExtensibilityGlobals) = postSolution
		SolutionGuid = {4874FDD4-3F69-4DC0-8D89-3C0FCBC8AA9C}
	EndGlobalSection
EndGlobal
