
Microsoft Visual Studio Solution File, Format Version 12.00
# Visual Studio Version 16
VisualStudioVersion = 16.0.30225.117
MinimumVisualStudioVersion = 10.0.40219.1
Project("{FAE04EC0-301F-11D3-BF4B-00C04F79EFBC}") = "day1factorial", "day1factorial\day1factorial.csproj", "{FAAEDDFB-966A-4CD4-95D6-30A7877CD92B}"
EndProject
Global
	GlobalSection(SolutionConfigurationPlatforms) = preSolution
		Debug|Any CPU = Debug|Any CPU
		Release|Any CPU = Release|Any CPU
	EndGlobalSection
	GlobalSection(ProjectConfigurationPlatforms) = postSolution
		{FAAEDDFB-966A-4CD4-95D6-30A7877CD92B}.Debug|Any CPU.ActiveCfg = Debug|Any CPU
		{FAAEDDFB-966A-4CD4-95D6-30A7877CD92B}.Debug|Any CPU.Build.0 = Debug|Any CPU
		{FAAEDDFB-966A-4CD4-95D6-30A7877CD92B}.Release|Any CPU.ActiveCfg = Release|Any CPU
		{FAAEDDFB-966A-4CD4-95D6-30A7877CD92B}.Release|Any CPU.Build.0 = Release|Any CPU
	EndGlobalSection
	GlobalSection(SolutionProperties) = preSolution
		HideSolutionNode = FALSE
	EndGlobalSection
	GlobalSection(ExtensibilityGlobals) = postSolution
		SolutionGuid = {76E74983-F45A-435F-B197-18EB7AE8BD6E}
	EndGlobalSection
EndGlobal
